
Microsoft Visual Studio Solution File, Format Version 12.00
# Visual Studio Version 16
VisualStudioVersion = 16.0.34902.97
MinimumVisualStudioVersion = 10.0.40219.1
Project("{FAE04EC0-301F-11D3-BF4B-00C04F79EFBC}") = "PermDynamics_Galkin", "PermDynamics_Galkin\PermDynamics_Galkin.csproj", "{D5130ED8-6D8D-4838-9978-AA081ACD78B6}"
EndProject
Global
	GlobalSection(SolutionConfigurationPlatforms) = preSolution
		Debug|Any CPU = Debug|Any CPU
		Release|Any CPU = Release|Any CPU
	EndGlobalSection
	GlobalSection(ProjectConfigurationPlatforms) = postSolution
		{D5130ED8-6D8D-4838-9978-AA081ACD78B6}.Debug|Any CPU.ActiveCfg = Debug|Any CPU
		{D5130ED8-6D8D-4838-9978-AA081ACD78B6}.Debug|Any CPU.Build.0 = Debug|Any CPU
		{D5130ED8-6D8D-4838-9978-AA081ACD78B6}.Release|Any CPU.ActiveCfg = Release|Any CPU
		{D5130ED8-6D8D-4838-9978-AA081ACD78B6}.Release|Any CPU.Build.0 = Release|Any CPU
	EndGlobalSection
	GlobalSection(SolutionProperties) = preSolution
		HideSolutionNode = FALSE
	EndGlobalSection
	GlobalSection(ExtensibilityGlobals) = postSolution
		SolutionGuid = {24CF880D-A6DD-4132-BE66-7C765DD38B7B}
	EndGlobalSection
EndGlobal
